// !$*UTF8*$!
{
	archiveVersion = 1;
	classes = {
	};
	objectVersion = 50;
	objects = {

/* Begin PBXBuildFile section */
		280BCFCD27C681380075603E /* AppDelegate.swift in Sources */ = {isa = PBXBuildFile; fileRef = 280BCFCC27C681380075603E /* AppDelegate.swift */; };
		280BCFCF27C681380075603E /* SceneDelegate.swift in Sources */ = {isa = PBXBuildFile; fileRef = 280BCFCE27C681380075603E /* SceneDelegate.swift */; };
		280BCFD127C681380075603E /* ViewController.swift in Sources */ = {isa = PBXBuildFile; fileRef = 280BCFD027C681380075603E /* ViewController.swift */; };
		280BCFD427C681380075603E /* Main.storyboard in Resources */ = {isa = PBXBuildFile; fileRef = 280BCFD227C681380075603E /* Main.storyboard */; };
		280BCFD727C681380075603E /* MVP_codeExample.xcdatamodeld in Sources */ = {isa = PBXBuildFile; fileRef = 280BCFD527C681380075603E /* MVP_codeExample.xcdatamodeld */; };
		280BCFD927C6813A0075603E /* Assets.xcassets in Resources */ = {isa = PBXBuildFile; fileRef = 280BCFD827C6813A0075603E /* Assets.xcassets */; };
		280BCFDC27C6813A0075603E /* LaunchScreen.storyboard in Resources */ = {isa = PBXBuildFile; fileRef = 280BCFDA27C6813A0075603E /* LaunchScreen.storyboard */; };
/* End PBXBuildFile section */

/* Begin PBXFileReference section */
		280BCFC927C681380075603E /* MVP_codeExample.app */ = {isa = PBXFileReference; explicitFileType = wrapper.application; includeInIndex = 0; path = MVP_codeExample.app; sourceTree = BUILT_PRODUCTS_DIR; };
		280BCFCC27C681380075603E /* AppDelegate.swift */ = {isa = PBXFileReference; lastKnownFileType = sourcecode.swift; path = AppDelegate.swift; sourceTree = "<group>"; };
		280BCFCE27C681380075603E /* SceneDelegate.swift */ = {isa = PBXFileReference; lastKnownFileType = sourcecode.swift; path = SceneDelegate.swift; sourceTree = "<group>"; };
		280BCFD027C681380075603E /* ViewController.swift */ = {isa = PBXFileReference; lastKnownFileType = sourcecode.swift; path = ViewController.swift; sourceTree = "<group>"; };
		280BCFD327C681380075603E /* Base */ = {isa = PBXFileReference; lastKnownFileType = file.storyboard; name = Base; path = Base.lproj/Main.storyboard; sourceTree = "<group>"; };
		280BCFD627C681380075603E /* MVP_codeExample.xcdatamodel */ = {isa = PBXFileReference; lastKnownFileType = wrapper.xcdatamodel; path = MVP_codeExample.xcdatamodel; sourceTree = "<group>"; };
		280BCFD827C6813A0075603E /* Assets.xcassets */ = {isa = PBXFileReference; lastKnownFileType = folder.assetcatalog; path = Assets.xcassets; sourceTree = "<group>"; };
		280BCFDB27C6813A0075603E /* Base */ = {isa = PBXFileReference; lastKnownFileType = file.storyboard; name = Base; path = Base.lproj/LaunchScreen.storyboard; sourceTree = "<group>"; };
		280BCFDD27C6813A0075603E /* Info.plist */ = {isa = PBXFileReference; lastKnownFileType = text.plist.xml; path = Info.plist; sourceTree = "<group>"; };
/* End PBXFileReference section */

/* Begin PBXFrameworksBuildPhase section */
		280BCFC627C681380075603E /* Frameworks */ = {
			isa = PBXFrameworksBuildPhase;
			buildActionMask = 2147483647;
			files = (
			);
			runOnlyForDeploymentPostprocessing = 0;
		};
/* End PBXFrameworksBuildPhase section */

/* Begin PBXGroup section */
		280BCFC027C681380075603E = {
			isa = PBXGroup;
			children = (
				280BCFCB27C681380075603E /* MVP_codeExample */,
				280BCFCA27C681380075603E /* Products */,
			);
			sourceTree = "<group>";
		};
		280BCFCA27C681380075603E /* Products */ = {
			isa = PBXGroup;
			children = (
				280BCFC927C681380075603E /* MVP_codeExample.app */,
			);
			name = Products;
			sourceTree = "<group>";
		};
		280BCFCB27C681380075603E /* MVP_codeExample */ = {
			isa = PBXGroup;
			children = (
				280BCFCC27C681380075603E /* AppDelegate.swift */,
				280BCFCE27C681380075603E /* SceneDelegate.swift */,
				280BCFD027C681380075603E /* ViewController.swift */,
				280BCFD227C681380075603E /* Main.storyboard */,
				280BCFD827C6813A0075603E /* Assets.xcassets */,
				280BCFDA27C6813A0075603E /* LaunchScreen.storyboard */,
				280BCFDD27C6813A0075603E /* Info.plist */,
				280BCFD527C681380075603E /* MVP_codeExample.xcdatamodeld */,
			);
			path = MVP_codeExample;
			sourceTree = "<group>";
		};
/* End PBXGroup section */

/* Begin PBXNativeTarget section */
		280BCFC827C681380075603E /* MVP_codeExample */ = {
			isa = PBXNativeTarget;
			buildConfigurationList = 280BCFE027C6813A0075603E /* Build configuration list for PBXNativeTarget "MVP_codeExample" */;
			buildPhases = (
				280BCFC527C681380075603E /* Sources */,
				280BCFC627C681380075603E /* Frameworks */,
				280BCFC727C681380075603E /* Resources */,
			);
			buildRules = (
			);
			dependencies = (
			);
			name = MVP_codeExample;
			productName = MVP_codeExample;
			productReference = 280BCFC927C681380075603E /* MVP_codeExample.app */;
			productType = "com.apple.product-type.application";
		};
/* End PBXNativeTarget section */

/* Begin PBXProject section */
		280BCFC127C681380075603E /* Project object */ = {
			isa = PBXProject;
			attributes = {
				LastSwiftUpdateCheck = 1240;
				LastUpgradeCheck = 1240;
				TargetAttributes = {
					280BCFC827C681380075603E = {
						CreatedOnToolsVersion = 12.4;
					};
				};
			};
			buildConfigurationList = 280BCFC427C681380075603E /* Build configuration list for PBXProject "MVP_codeExample" */;
			compatibilityVersion = "Xcode 9.3";
			developmentRegion = en;
			hasScannedForEncodings = 0;
			knownRegions = (
				en,
				Base,
			);
			mainGroup = 280BCFC027C681380075603E;
			productRefGroup = 280BCFCA27C681380075603E /* Products */;
			projectDirPath = "";
			projectRoot = "";
			targets = (
				280BCFC827C681380075603E /* MVP_codeExample */,
			);
		};
/* End PBXProject section */

/* Begin PBXResourcesBuildPhase section */
		280BCFC727C681380075603E /* Resources */ = {
			isa = PBXResourcesBuildPhase;
			buildActionMask = 2147483647;
			files = (
				280BCFDC27C6813A0075603E /* LaunchScreen.storyboard in Resources */,
				280BCFD927C6813A0075603E /* Assets.xcassets in Resources */,
				280BCFD427C681380075603E /* Main.storyboard in Resources */,
			);
			runOnlyForDeploymentPostprocessing = 0;
		};
/* End PBXResourcesBuildPhase section */

/* Begin PBXSourcesBuildPhase section */
		280BCFC527C681380075603E /* Sources */ = {
			isa = PBXSourcesBuildPhase;
			buildActionMask = 2147483647;
			files = (
				280BCFD127C681380075603E /* ViewController.swift in Sources */,
				280BCFD727C681380075603E /* MVP_codeExample.xcdatamodeld in Sources */,
				280BCFCD27C681380075603E /* AppDelegate.swift in Sources */,
				280BCFCF27C681380075603E /* SceneDelegate.swift in Sources */,
			);
			runOnlyForDeploymentPostprocessing = 0;
		};
/* End PBXSourcesBuildPhase section */

/* Begin PBXVariantGroup section */
		280BCFD227C681380075603E /* Main.storyboard */ = {
			isa = PBXVariantGroup;
			children = (
				280BCFD327C681380075603E /* Base */,
			);
			name = Main.storyboard;
			sourceTree = "<group>";
		};
		280BCFDA27C6813A0075603E /* LaunchScreen.storyboard */ = {
			isa = PBXVariantGroup;
			children = (
				280BCFDB27C6813A0075603E /* Base */,
			);
			name = LaunchScreen.storyboard;
			sourceTree = "<group>";
		};
/* End PBXVariantGroup section */

/* Begin XCBuildConfiguration section */
		280BCFDE27C6813A0075603E /* Debug */ = {
			isa = XCBuildConfiguration;
			buildSettings = {
				ALWAYS_SEARCH_USER_PATHS = NO;
				CLANG_ANALYZER_NONNULL = YES;
				CLANG_ANALYZER_NUMBER_OBJECT_CONVERSION = YES_AGGRESSIVE;
				CLANG_CXX_LANGUAGE_STANDARD = "gnu++14";
				CLANG_CXX_LIBRARY = "libc++";
				CLANG_ENABLE_MODULES = YES;
				CLANG_ENABLE_OBJC_ARC = YES;
				CLANG_ENABLE_OBJC_WEAK = YES;
				CLANG_WARN_BLOCK_CAPTURE_AUTORELEASING = YES;
				CLANG_WARN_BOOL_CONVERSION = YES;
				CLANG_WARN_COMMA = YES;
				CLANG_WARN_CONSTANT_CONVERSION = YES;
				CLANG_WARN_DEPRECATED_OBJC_IMPLEMENTATIONS = YES;
				CLANG_WARN_DIRECT_OBJC_ISA_USAGE = YES_ERROR;
				CLANG_WARN_DOCUMENTATION_COMMENTS = YES;
				CLANG_WARN_EMPTY_BODY = YES;
				CLANG_WARN_ENUM_CONVERSION = YES;
				CLANG_WARN_INFINITE_RECURSION = YES;
				CLANG_WARN_INT_CONVERSION = YES;
				CLANG_WARN_NON_LITERAL_NULL_CONVERSION = YES;
				CLANG_WARN_OBJC_IMPLICIT_RETAIN_SELF = YES;
				CLANG_WARN_OBJC_LITERAL_CONVERSION = YES;
				CLANG_WARN_OBJC_ROOT_CLASS = YES_ERROR;
				CLANG_WARN_QUOTED_INCLUDE_IN_FRAMEWORK_HEADER = YES;
				CLANG_WARN_RANGE_LOOP_ANALYSIS = YES;
				CLANG_WARN_STRICT_PROTOTYPES = YES;
				CLANG_WARN_SUSPICIOUS_MOVE = YES;
				CLANG_WARN_UNGUARDED_AVAILABILITY = YES_AGGRESSIVE;
				CLANG_WARN_UNREACHABLE_CODE = YES;
				CLANG_WARN__DUPLICATE_METHOD_MATCH = YES;
				COPY_PHASE_STRIP = NO;
				DEBUG_INFORMATION_FORMAT = dwarf;
				ENABLE_STRICT_OBJC_MSGSEND = YES;
				ENABLE_TESTABILITY = YES;
				GCC_C_LANGUAGE_STANDARD = gnu11;
				GCC_DYNAMIC_NO_PIC = NO;
				GCC_NO_COMMON_BLOCKS = YES;
				GCC_OPTIMIZATION_LEVEL = 0;
				GCC_PREPROCESSOR_DEFINITIONS = (
					"DEBUG=1",
					"$(inherited)",
				);
				GCC_WARN_64_TO_32_BIT_CONVERSION = YES;
				GCC_WARN_ABOUT_RETURN_TYPE = YES_ERROR;
				GCC_WARN_UNDECLARED_SELECTOR = YES;
				GCC_WARN_UNINITIALIZED_AUTOS = YES_AGGRESSIVE;
				GCC_WARN_UNUSED_FUNCTION = YES;
				GCC_WARN_UNUSED_VARIABLE = YES;
				IPHONEOS_DEPLOYMENT_TARGET = 14.4;
				MTL_ENABLE_DEBUG_INFO = INCLUDE_SOURCE;
				MTL_FAST_MATH = YES;
				ONLY_ACTIVE_ARCH = YES;
				SDKROOT = iphoneos;
				SWIFT_ACTIVE_COMPILATION_CONDITIONS = DEBUG;
				SWIFT_OPTIMIZATION_LEVEL = "-Onone";
			};
			name = Debug;
		};
		280BCFDF27C6813A0075603E /* Release */ = {
			isa = XCBuildConfiguration;
			buildSettings = {
				ALWAYS_SEARCH_USER_PATHS = NO;
				CLANG_ANALYZER_NONNULL = YES;
				CLANG_ANALYZER_NUMBER_OBJECT_CONVERSION = YES_AGGRESSIVE;
				CLANG_CXX_LANGUAGE_STANDARD = "gnu++14";
				CLANG_CXX_LIBRARY = "libc++";
				CLANG_ENABLE_MODULES = YES;
				CLANG_ENABLE_OBJC_ARC = YES;
				CLANG_ENABLE_OBJC_WEAK = YES;
				CLANG_WARN_BLOCK_CAPTURE_AUTORELEASING = YES;
				CLANG_WARN_BOOL_CONVERSION = YES;
				CLANG_WARN_COMMA = YES;
				CLANG_WARN_CONSTANT_CONVERSION = YES;
				CLANG_WARN_DEPRECATED_OBJC_IMPLEMENTATIONS = YES;
				CLANG_WARN_DIRECT_OBJC_ISA_USAGE = YES_ERROR;
				CLANG_WARN_DOCUMENTATION_COMMENTS = YES;
				CLANG_WARN_EMPTY_BODY = YES;
				CLANG_WARN_ENUM_CONVERSION = YES;
				CLANG_WARN_INFINITE_RECURSION = YES;
				CLANG_WARN_INT_CONVERSION = YES;
				CLANG_WARN_NON_LITERAL_NULL_CONVERSION = YES;
				CLANG_WARN_OBJC_IMPLICIT_RETAIN_SELF = YES;
				CLANG_WARN_OBJC_LITERAL_CONVERSION = YES;
				CLANG_WARN_OBJC_ROOT_CLASS = YES_ERROR;
				CLANG_WARN_QUOTED_INCLUDE_IN_FRAMEWORK_HEADER = YES;
				CLANG_WARN_RANGE_LOOP_ANALYSIS = YES;
				CLANG_WARN_STRICT_PROTOTYPES = YES;
				CLANG_WARN_SUSPICIOUS_MOVE = YES;
				CLANG_WARN_UNGUARDED_AVAILABILITY = YES_AGGRESSIVE;
				CLANG_WARN_UNREACHABLE_CODE = YES;
				CLANG_WARN__DUPLICATE_METHOD_MATCH = YES;
				COPY_PHASE_STRIP = NO;
				DEBUG_INFORMATION_FORMAT = "dwarf-with-dsym";
				ENABLE_NS_ASSERTIONS = NO;
				ENABLE_STRICT_OBJC_MSGSEND = YES;
				GCC_C_LANGUAGE_STANDARD = gnu11;
				GCC_NO_COMMON_BLOCKS = YES;
				GCC_WARN_64_TO_32_BIT_CONVERSION = YES;
				GCC_WARN_ABOUT_RETURN_TYPE = YES_ERROR;
				GCC_WARN_UNDECLARED_SELECTOR = YES;
				GCC_WARN_UNINITIALIZED_AUTOS = YES_AGGRESSIVE;
				GCC_WARN_UNUSED_FUNCTION = YES;
				GCC_WARN_UNUSED_VARIABLE = YES;
				IPHONEOS_DEPLOYMENT_TARGET = 14.4;
				MTL_ENABLE_DEBUG_INFO = NO;
				MTL_FAST_MATH = YES;
				SDKROOT = iphoneos;
				SWIFT_COMPILATION_MODE = wholemodule;
				SWIFT_OPTIMIZATION_LEVEL = "-O";
				VALIDATE_PRODUCT = YES;
			};
			name = Release;
		};
		280BCFE127C6813A0075603E /* Debug */ = {
			isa = XCBuildConfiguration;
			buildSettings = {
				ASSETCATALOG_COMPILER_APPICON_NAME = AppIcon;
				ASSETCATALOG_COMPILER_GLOBAL_ACCENT_COLOR_NAME = AccentColor;
				CODE_SIGN_STYLE = Automatic;
				INFOPLIST_FILE = MVP_codeExample/Info.plist;
				LD_RUNPATH_SEARCH_PATHS = (
					"$(inherited)",
					"@executable_path/Frameworks",
				);
				PRODUCT_BUNDLE_IDENTIFIER = "com.eslam.MVP-codeExample";
				PRODUCT_NAME = "$(TARGET_NAME)";
				SWIFT_VERSION = 5.0;
				TARGETED_DEVICE_FAMILY = "1,2";
			};
			name = Debug;
		};
		280BCFE227C6813A0075603E /* Release */ = {
			isa = XCBuildConfiguration;
			buildSettings = {
				ASSETCATALOG_COMPILER_APPICON_NAME = AppIcon;
				ASSETCATALOG_COMPILER_GLOBAL_ACCENT_COLOR_NAME = AccentColor;
				CODE_SIGN_STYLE = Automatic;
				INFOPLIST_FILE = MVP_codeExample/Info.plist;
				LD_RUNPATH_SEARCH_PATHS = (
					"$(inherited)",
					"@executable_path/Frameworks",
				);
				PRODUCT_BUNDLE_IDENTIFIER = "com.eslam.MVP-codeExample";
				PRODUCT_NAME = "$(TARGET_NAME)";
				SWIFT_VERSION = 5.0;
				TARGETED_DEVICE_FAMILY = "1,2";
			};
			name = Release;
		};
/* End XCBuildConfiguration section */

/* Begin XCConfigurationList section */
		280BCFC427C681380075603E /* Build configuration list for PBXProject "MVP_codeExample" */ = {
			isa = XCConfigurationList;
			buildConfigurations = (
				280BCFDE27C6813A0075603E /* Debug */,
				280BCFDF27C6813A0075603E /* Release */,
			);
			defaultConfigurationIsVisible = 0;
			defaultConfigurationName = Release;
		};
		280BCFE027C6813A0075603E /* Build configuration list for PBXNativeTarget "MVP_codeExample" */ = {
			isa = XCConfigurationList;
			buildConfigurations = (
				280BCFE127C6813A0075603E /* Debug */,
				280BCFE227C6813A0075603E /* Release */,
			);
			defaultConfigurationIsVisible = 0;
			defaultConfigurationName = Release;
		};
/* End XCConfigurationList section */

/* Begin XCVersionGroup section */
		280BCFD527C681380075603E /* MVP_codeExample.xcdatamodeld */ = {
			isa = XCVersionGroup;
			children = (
				280BCFD627C681380075603E /* MVP_codeExample.xcdatamodel */,
			);
			currentVersion = 280BCFD627C681380075603E /* MVP_codeExample.xcdatamodel */;
			path = MVP_codeExample.xcdatamodeld;
			sourceTree = "<group>";
			versionGroupType = wrapper.xcdatamodel;
		};
/* End XCVersionGroup section */
	};
	rootObject = 280BCFC127C681380075603E /* Project object */;
}
